// !$*UTF8*$!
{
	archiveVersion = 1;
	classes = {
	};
	objectVersion = 46;
	objects = {

/* Begin PBXBuildFile section */
		4CBB258D19737BD4009839E6 /* Foundation.framework in Frameworks */ = {isa = PBXBuildFile; fileRef = 4CBB258C19737BD4009839E6 /* Foundation.framework */; };
		4CBB258F19737BD4009839E6 /* CoreGraphics.framework in Frameworks */ = {isa = PBXBuildFile; fileRef = 4CBB258E19737BD4009839E6 /* CoreGraphics.framework */; };
		4CBB259119737BD4009839E6 /* UIKit.framework in Frameworks */ = {isa = PBXBuildFile; fileRef = 4CBB259019737BD4009839E6 /* UIKit.framework */; };
		4CBB259719737BD4009839E6 /* InfoPlist.strings in Resources */ = {isa = PBXBuildFile; fileRef = 4CBB259519737BD4009839E6 /* InfoPlist.strings */; };
		4CBB259919737BD4009839E6 /* main.m in Sources */ = {isa = PBXBuildFile; fileRef = 4CBB259819737BD4009839E6 /* main.m */; };
		4CBB259D19737BD4009839E6 /* ScribblerAppDelegate.m in Sources */ = {isa = PBXBuildFile; fileRef = 4CBB259C19737BD4009839E6 /* ScribblerAppDelegate.m */; };
		4CBB25A019737BD4009839E6 /* Main_iPhone.storyboard in Resources */ = {isa = PBXBuildFile; fileRef = 4CBB259E19737BD4009839E6 /* Main_iPhone.storyboard */; };
		4CBB25A319737BD4009839E6 /* Main_iPad.storyboard in Resources */ = {isa = PBXBuildFile; fileRef = 4CBB25A119737BD4009839E6 /* Main_iPad.storyboard */; };
		4CBB25A619737BD4009839E6 /* ScribblerViewController.m in Sources */ = {isa = PBXBuildFile; fileRef = 4CBB25A519737BD4009839E6 /* ScribblerViewController.m */; };
		4CBB25A819737BD4009839E6 /* Images.xcassets in Resources */ = {isa = PBXBuildFile; fileRef = 4CBB25A719737BD4009839E6 /* Images.xcassets */; };
		4CBB25AF19737BD4009839E6 /* XCTest.framework in Frameworks */ = {isa = PBXBuildFile; fileRef = 4CBB25AE19737BD4009839E6 /* XCTest.framework */; };
		4CBB25B019737BD4009839E6 /* Foundation.framework in Frameworks */ = {isa = PBXBuildFile; fileRef = 4CBB258C19737BD4009839E6 /* Foundation.framework */; };
		4CBB25B119737BD4009839E6 /* UIKit.framework in Frameworks */ = {isa = PBXBuildFile; fileRef = 4CBB259019737BD4009839E6 /* UIKit.framework */; };
		4CBB25B919737BD4009839E6 /* InfoPlist.strings in Resources */ = {isa = PBXBuildFile; fileRef = 4CBB25B719737BD4009839E6 /* InfoPlist.strings */; };
		4CBB25BB19737BD4009839E6 /* ScribblerTests.m in Sources */ = {isa = PBXBuildFile; fileRef = 4CBB25BA19737BD4009839E6 /* ScribblerTests.m */; };
/* End PBXBuildFile section */

/* Begin PBXContainerItemProxy section */
		4CBB25B219737BD4009839E6 /* PBXContainerItemProxy */ = {
			isa = PBXContainerItemProxy;
			containerPortal = 4CBB258119737BD4009839E6 /* Project object */;
			proxyType = 1;
			remoteGlobalIDString = 4CBB258819737BD4009839E6;
			remoteInfo = Scribbler;
		};
/* End PBXContainerItemProxy section */

/* Begin PBXFileReference section */
		4CBB258919737BD4009839E6 /* Scribbler.app */ = {isa = PBXFileReference; explicitFileType = wrapper.application; includeInIndex = 0; path = Scribbler.app; sourceTree = BUILT_PRODUCTS_DIR; };
		4CBB258C19737BD4009839E6 /* Foundation.framework */ = {isa = PBXFileReference; lastKnownFileType = wrapper.framework; name = Foundation.framework; path = System/Library/Frameworks/Foundation.framework; sourceTree = SDKROOT; };
		4CBB258E19737BD4009839E6 /* CoreGraphics.framework */ = {isa = PBXFileReference; lastKnownFileType = wrapper.framework; name = CoreGraphics.framework; path = System/Library/Frameworks/CoreGraphics.framework; sourceTree = SDKROOT; };
		4CBB259019737BD4009839E6 /* UIKit.framework */ = {isa = PBXFileReference; lastKnownFileType = wrapper.framework; name = UIKit.framework; path = System/Library/Frameworks/UIKit.framework; sourceTree = SDKROOT; };
		4CBB259419737BD4009839E6 /* Scribbler-Info.plist */ = {isa = PBXFileReference; lastKnownFileType = text.plist.xml; path = "Scribbler-Info.plist"; sourceTree = "<group>"; };
		4CBB259619737BD4009839E6 /* en */ = {isa = PBXFileReference; lastKnownFileType = text.plist.strings; name = en; path = en.lproj/InfoPlist.strings; sourceTree = "<group>"; };
		4CBB259819737BD4009839E6 /* main.m */ = {isa = PBXFileReference; lastKnownFileType = sourcecode.c.objc; path = main.m; sourceTree = "<group>"; };
		4CBB259A19737BD4009839E6 /* Scribbler-Prefix.pch */ = {isa = PBXFileReference; lastKnownFileType = sourcecode.c.h; path = "Scribbler-Prefix.pch"; sourceTree = "<group>"; };
		4CBB259B19737BD4009839E6 /* ScribblerAppDelegate.h */ = {isa = PBXFileReference; lastKnownFileType = sourcecode.c.h; path = ScribblerAppDelegate.h; sourceTree = "<group>"; };
		4CBB259C19737BD4009839E6 /* ScribblerAppDelegate.m */ = {isa = PBXFileReference; lastKnownFileType = sourcecode.c.objc; path = ScribblerAppDelegate.m; sourceTree = "<group>"; };
		4CBB259F19737BD4009839E6 /* Base */ = {isa = PBXFileReference; lastKnownFileType = file.storyboard; name = Base; path = Base.lproj/Main_iPhone.storyboard; sourceTree = "<group>"; };
		4CBB25A219737BD4009839E6 /* Base */ = {isa = PBXFileReference; lastKnownFileType = file.storyboard; name = Base; path = Base.lproj/Main_iPad.storyboard; sourceTree = "<group>"; };
		4CBB25A419737BD4009839E6 /* ScribblerViewController.h */ = {isa = PBXFileReference; lastKnownFileType = sourcecode.c.h; path = ScribblerViewController.h; sourceTree = "<group>"; };
		4CBB25A519737BD4009839E6 /* ScribblerViewController.m */ = {isa = PBXFileReference; lastKnownFileType = sourcecode.c.objc; path = ScribblerViewController.m; sourceTree = "<group>"; };
		4CBB25A719737BD4009839E6 /* Images.xcassets */ = {isa = PBXFileReference; lastKnownFileType = folder.assetcatalog; path = Images.xcassets; sourceTree = "<group>"; };
		4CBB25AD19737BD4009839E6 /* ScribblerTests.xctest */ = {isa = PBXFileReference; explicitFileType = wrapper.cfbundle; includeInIndex = 0; path = ScribblerTests.xctest; sourceTree = BUILT_PRODUCTS_DIR; };
		4CBB25AE19737BD4009839E6 /* XCTest.framework */ = {isa = PBXFileReference; lastKnownFileType = wrapper.framework; name = XCTest.framework; path = Library/Frameworks/XCTest.framework; sourceTree = DEVELOPER_DIR; };
		4CBB25B619737BD4009839E6 /* ScribblerTests-Info.plist */ = {isa = PBXFileReference; lastKnownFileType = text.plist.xml; path = "ScribblerTests-Info.plist"; sourceTree = "<group>"; };
		4CBB25B819737BD4009839E6 /* en */ = {isa = PBXFileReference; lastKnownFileType = text.plist.strings; name = en; path = en.lproj/InfoPlist.strings; sourceTree = "<group>"; };
		4CBB25BA19737BD4009839E6 /* ScribblerTests.m */ = {isa = PBXFileReference; lastKnownFileType = sourcecode.c.objc; path = ScribblerTests.m; sourceTree = "<group>"; };
/* End PBXFileReference section */

/* Begin PBXFrameworksBuildPhase section */
		4CBB258619737BD4009839E6 /* Frameworks */ = {
			isa = PBXFrameworksBuildPhase;
			buildActionMask = 2147483647;
			files = (
				4CBB258F19737BD4009839E6 /* CoreGraphics.framework in Frameworks */,
				4CBB259119737BD4009839E6 /* UIKit.framework in Frameworks */,
				4CBB258D19737BD4009839E6 /* Foundation.framework in Frameworks */,
			);
			runOnlyForDeploymentPostprocessing = 0;
		};
		4CBB25AA19737BD4009839E6 /* Frameworks */ = {
			isa = PBXFrameworksBuildPhase;
			buildActionMask = 2147483647;
			files = (
				4CBB25AF19737BD4009839E6 /* XCTest.framework in Frameworks */,
				4CBB25B119737BD4009839E6 /* UIKit.framework in Frameworks */,
				4CBB25B019737BD4009839E6 /* Foundation.framework in Frameworks */,
			);
			runOnlyForDeploymentPostprocessing = 0;
		};
/* End PBXFrameworksBuildPhase section */

/* Begin PBXGroup section */
		4CBB258019737BD4009839E6 = {
			isa = PBXGroup;
			children = (
				4CBB259219737BD4009839E6 /* Scribbler */,
				4CBB25B419737BD4009839E6 /* ScribblerTests */,
				4CBB258B19737BD4009839E6 /* Frameworks */,
				4CBB258A19737BD4009839E6 /* Products */,
			);
			sourceTree = "<group>";
		};
		4CBB258A19737BD4009839E6 /* Products */ = {
			isa = PBXGroup;
			children = (
				4CBB258919737BD4009839E6 /* Scribbler.app */,
				4CBB25AD19737BD4009839E6 /* ScribblerTests.xctest */,
			);
			name = Products;
			sourceTree = "<group>";
		};
		4CBB258B19737BD4009839E6 /* Frameworks */ = {
			isa = PBXGroup;
			children = (
				4CBB258C19737BD4009839E6 /* Foundation.framework */,
				4CBB258E19737BD4009839E6 /* CoreGraphics.framework */,
				4CBB259019737BD4009839E6 /* UIKit.framework */,
				4CBB25AE19737BD4009839E6 /* XCTest.framework */,
			);
			name = Frameworks;
			sourceTree = "<group>";
		};
		4CBB259219737BD4009839E6 /* Scribbler */ = {
			isa = PBXGroup;
			children = (
				4CBB259B19737BD4009839E6 /* ScribblerAppDelegate.h */,
				4CBB259C19737BD4009839E6 /* ScribblerAppDelegate.m */,
				4CBB259E19737BD4009839E6 /* Main_iPhone.storyboard */,
				4CBB25A119737BD4009839E6 /* Main_iPad.storyboard */,
				4CBB25A419737BD4009839E6 /* ScribblerViewController.h */,
				4CBB25A519737BD4009839E6 /* ScribblerViewController.m */,
				4CBB25A719737BD4009839E6 /* Images.xcassets */,
				4CBB259319737BD4009839E6 /* Supporting Files */,
			);
			path = Scribbler;
			sourceTree = "<group>";
		};
		4CBB259319737BD4009839E6 /* Supporting Files */ = {
			isa = PBXGroup;
			children = (
				4CBB259419737BD4009839E6 /* Scribbler-Info.plist */,
				4CBB259519737BD4009839E6 /* InfoPlist.strings */,
				4CBB259819737BD4009839E6 /* main.m */,
				4CBB259A19737BD4009839E6 /* Scribbler-Prefix.pch */,
			);
			name = "Supporting Files";
			sourceTree = "<group>";
		};
		4CBB25B419737BD4009839E6 /* ScribblerTests */ = {
			isa = PBXGroup;
			children = (
				4CBB25BA19737BD4009839E6 /* ScribblerTests.m */,
				4CBB25B519737BD4009839E6 /* Supporting Files */,
			);
			path = ScribblerTests;
			sourceTree = "<group>";
		};
		4CBB25B519737BD4009839E6 /* Supporting Files */ = {
			isa = PBXGroup;
			children = (
				4CBB25B619737BD4009839E6 /* ScribblerTests-Info.plist */,
				4CBB25B719737BD4009839E6 /* InfoPlist.strings */,
			);
			name = "Supporting Files";
			sourceTree = "<group>";
		};
/* End PBXGroup section */

/* Begin PBXNativeTarget section */
		4CBB258819737BD4009839E6 /* Scribbler */ = {
			isa = PBXNativeTarget;
			buildConfigurationList = 4CBB25BE19737BD4009839E6 /* Build configuration list for PBXNativeTarget "Scribbler" */;
			buildPhases = (
				4CBB258519737BD4009839E6 /* Sources */,
				4CBB258619737BD4009839E6 /* Frameworks */,
				4CBB258719737BD4009839E6 /* Resources */,
			);
			buildRules = (
			);
			dependencies = (
			);
			name = Scribbler;
			productName = Scribbler;
			productReference = 4CBB258919737BD4009839E6 /* Scribbler.app */;
			productType = "com.apple.product-type.application";
		};
		4CBB25AC19737BD4009839E6 /* ScribblerTests */ = {
			isa = PBXNativeTarget;
			buildConfigurationList = 4CBB25C119737BD4009839E6 /* Build configuration list for PBXNativeTarget "ScribblerTests" */;
			buildPhases = (
				4CBB25A919737BD4009839E6 /* Sources */,
				4CBB25AA19737BD4009839E6 /* Frameworks */,
				4CBB25AB19737BD4009839E6 /* Resources */,
			);
			buildRules = (
			);
			dependencies = (
				4CBB25B319737BD4009839E6 /* PBXTargetDependency */,
			);
			name = ScribblerTests;
			productName = ScribblerTests;
			productReference = 4CBB25AD19737BD4009839E6 /* ScribblerTests.xctest */;
			productType = "com.apple.product-type.bundle.unit-test";
		};
/* End PBXNativeTarget section */

/* Begin PBXProject section */
		4CBB258119737BD4009839E6 /* Project object */ = {
			isa = PBXProject;
			attributes = {
				CLASSPREFIX = Scribbler;
				LastUpgradeCheck = 0510;
				ORGANIZATIONNAME = "Stanford University";
				TargetAttributes = {
					4CBB25AC19737BD4009839E6 = {
						TestTargetID = 4CBB258819737BD4009839E6;
					};
				};
			};
			buildConfigurationList = 4CBB258419737BD4009839E6 /* Build configuration list for PBXProject "Scribbler" */;
			compatibilityVersion = "Xcode 3.2";
			developmentRegion = English;
			hasScannedForEncodings = 0;
			knownRegions = (
				en,
				Base,
			);
			mainGroup = 4CBB258019737BD4009839E6;
			productRefGroup = 4CBB258A19737BD4009839E6 /* Products */;
			projectDirPath = "";
			projectRoot = "";
			targets = (
				4CBB258819737BD4009839E6 /* Scribbler */,
				4CBB25AC19737BD4009839E6 /* ScribblerTests */,
			);
		};
/* End PBXProject section */

/* Begin PBXResourcesBuildPhase section */
		4CBB258719737BD4009839E6 /* Resources */ = {
			isa = PBXResourcesBuildPhase;
			buildActionMask = 2147483647;
			files = (
				4CBB25A319737BD4009839E6 /* Main_iPad.storyboard in Resources */,
				4CBB25A819737BD4009839E6 /* Images.xcassets in Resources */,
				4CBB25A019737BD4009839E6 /* Main_iPhone.storyboard in Resources */,
				4CBB259719737BD4009839E6 /* InfoPlist.strings in Resources */,
			);
			runOnlyForDeploymentPostprocessing = 0;
		};
		4CBB25AB19737BD4009839E6 /* Resources */ = {
			isa = PBXResourcesBuildPhase;
			buildActionMask = 2147483647;
			files = (
				4CBB25B919737BD4009839E6 /* InfoPlist.strings in Resources */,
			);
			runOnlyForDeploymentPostprocessing = 0;
		};
/* End PBXResourcesBuildPhase section */

/* Begin PBXSourcesBuildPhase section */
		4CBB258519737BD4009839E6 /* Sources */ = {
			isa = PBXSourcesBuildPhase;
			buildActionMask = 2147483647;
			files = (
				4CBB259919737BD4009839E6 /* main.m in Sources */,
				4CBB25A619737BD4009839E6 /* ScribblerViewController.m in Sources */,
				4CBB259D19737BD4009839E6 /* ScribblerAppDelegate.m in Sources */,
			);
			runOnlyForDeploymentPostprocessing = 0;
		};
		4CBB25A919737BD4009839E6 /* Sources */ = {
			isa = PBXSourcesBuildPhase;
			buildActionMask = 2147483647;
			files = (
				4CBB25BB19737BD4009839E6 /* ScribblerTests.m in Sources */,
			);
			runOnlyForDeploymentPostprocessing = 0;
		};
/* End PBXSourcesBuildPhase section */

/* Begin PBXTargetDependency section */
		4CBB25B319737BD4009839E6 /* PBXTargetDependency */ = {
			isa = PBXTargetDependency;
			target = 4CBB258819737BD4009839E6 /* Scribbler */;
			targetProxy = 4CBB25B219737BD4009839E6 /* PBXContainerItemProxy */;
		};
/* End PBXTargetDependency section */

/* Begin PBXVariantGroup section */
		4CBB259519737BD4009839E6 /* InfoPlist.strings */ = {
			isa = PBXVariantGroup;
			children = (
				4CBB259619737BD4009839E6 /* en */,
			);
			name = InfoPlist.strings;
			sourceTree = "<group>";
		};
		4CBB259E19737BD4009839E6 /* Main_iPhone.storyboard */ = {
			isa = PBXVariantGroup;
			children = (
				4CBB259F19737BD4009839E6 /* Base */,
			);
			name = Main_iPhone.storyboard;
			sourceTree = "<group>";
		};
		4CBB25A119737BD4009839E6 /* Main_iPad.storyboard */ = {
			isa = PBXVariantGroup;
			children = (
				4CBB25A219737BD4009839E6 /* Base */,
			);
			name = Main_iPad.storyboard;
			sourceTree = "<group>";
		};
		4CBB25B719737BD4009839E6 /* InfoPlist.strings */ = {
			isa = PBXVariantGroup;
			children = (
				4CBB25B819737BD4009839E6 /* en */,
			);
			name = InfoPlist.strings;
			sourceTree = "<group>";
		};
/* End PBXVariantGroup section */

/* Begin XCBuildConfiguration section */
		4CBB25BC19737BD4009839E6 /* Debug */ = {
			isa = XCBuildConfiguration;
			buildSettings = {
				ALWAYS_SEARCH_USER_PATHS = NO;
				CLANG_CXX_LANGUAGE_STANDARD = "gnu++0x";
				CLANG_CXX_LIBRARY = "libc++";
				CLANG_ENABLE_MODULES = YES;
				CLANG_ENABLE_OBJC_ARC = YES;
				CLANG_WARN_BOOL_CONVERSION = YES;
				CLANG_WARN_CONSTANT_CONVERSION = YES;
				CLANG_WARN_DIRECT_OBJC_ISA_USAGE = YES_ERROR;
				CLANG_WARN_EMPTY_BODY = YES;
				CLANG_WARN_ENUM_CONVERSION = YES;
				CLANG_WARN_INT_CONVERSION = YES;
				CLANG_WARN_OBJC_ROOT_CLASS = YES_ERROR;
				CLANG_WARN__DUPLICATE_METHOD_MATCH = YES;
				"CODE_SIGN_IDENTITY[sdk=iphoneos*]" = "iPhone Developer";
				COPY_PHASE_STRIP = NO;
				GCC_C_LANGUAGE_STANDARD = gnu99;
				GCC_DYNAMIC_NO_PIC = NO;
				GCC_OPTIMIZATION_LEVEL = 0;
				GCC_PREPROCESSOR_DEFINITIONS = (
					"DEBUG=1",
					"$(inherited)",
				);
				GCC_SYMBOLS_PRIVATE_EXTERN = NO;
				GCC_WARN_64_TO_32_BIT_CONVERSION = YES;
				GCC_WARN_ABOUT_RETURN_TYPE = YES_ERROR;
				GCC_WARN_UNDECLARED_SELECTOR = YES;
				GCC_WARN_UNINITIALIZED_AUTOS = YES_AGGRESSIVE;
				GCC_WARN_UNUSED_FUNCTION = YES;
				GCC_WARN_UNUSED_VARIABLE = YES;
				IPHONEOS_DEPLOYMENT_TARGET = 7.1;
				ONLY_ACTIVE_ARCH = YES;
				SDKROOT = iphoneos;
				TARGETED_DEVICE_FAMILY = "1,2";
			};
			name = Debug;
		};
		4CBB25BD19737BD4009839E6 /* Release */ = {
			isa = XCBuildConfiguration;
			buildSettings = {
				ALWAYS_SEARCH_USER_PATHS = NO;
				CLANG_CXX_LANGUAGE_STANDARD = "gnu++0x";
				CLANG_CXX_LIBRARY = "libc++";
				CLANG_ENABLE_MODULES = YES;
				CLANG_ENABLE_OBJC_ARC = YES;
				CLANG_WARN_BOOL_CONVERSION = YES;
				CLANG_WARN_CONSTANT_CONVERSION = YES;
				CLANG_WARN_DIRECT_OBJC_ISA_USAGE = YES_ERROR;
				CLANG_WARN_EMPTY_BODY = YES;
				CLANG_WARN_ENUM_CONVERSION = YES;
				CLANG_WARN_INT_CONVERSION = YES;
				CLANG_WARN_OBJC_ROOT_CLASS = YES_ERROR;
				CLANG_WARN__DUPLICATE_METHOD_MATCH = YES;
				"CODE_SIGN_IDENTITY[sdk=iphoneos*]" = "iPhone Developer";
				COPY_PHASE_STRIP = YES;
				ENABLE_NS_ASSERTIONS = NO;
				GCC_C_LANGUAGE_STANDARD = gnu99;
				GCC_WARN_64_TO_32_BIT_CONVERSION = YES;
				GCC_WARN_ABOUT_RETURN_TYPE = YES_ERROR;
				GCC_WARN_UNDECLARED_SELECTOR = YES;
				GCC_WARN_UNINITIALIZED_AUTOS = YES_AGGRESSIVE;
				GCC_WARN_UNUSED_FUNCTION = YES;
				GCC_WARN_UNUSED_VARIABLE = YES;
				IPHONEOS_DEPLOYMENT_TARGET = 7.1;
				SDKROOT = iphoneos;
				TARGETED_DEVICE_FAMILY = "1,2";
				VALIDATE_PRODUCT = YES;
			};
			name = Release;
		};
		4CBB25BF19737BD4009839E6 /* Debug */ = {
			isa = XCBuildConfiguration;
			buildSettings = {
				ASSETCATALOG_COMPILER_APPICON_NAME = AppIcon;
				ASSETCATALOG_COMPILER_LAUNCHIMAGE_NAME = LaunchImage;
				GCC_PRECOMPILE_PREFIX_HEADER = YES;
				GCC_PREFIX_HEADER = "Scribbler/Scribbler-Prefix.pch";
				INFOPLIST_FILE = "Scribbler/Scribbler-Info.plist";
				PRODUCT_NAME = "$(TARGET_NAME)";
				WRAPPER_EXTENSION = app;
			};
			name = Debug;
		};
		4CBB25C019737BD4009839E6 /* Release */ = {
			isa = XCBuildConfiguration;
			buildSettings = {
				ASSETCATALOG_COMPILER_APPICON_NAME = AppIcon;
				ASSETCATALOG_COMPILER_LAUNCHIMAGE_NAME = LaunchImage;
				GCC_PRECOMPILE_PREFIX_HEADER = YES;
				GCC_PREFIX_HEADER = "Scribbler/Scribbler-Prefix.pch";
				INFOPLIST_FILE = "Scribbler/Scribbler-Info.plist";
				PRODUCT_NAME = "$(TARGET_NAME)";
				WRAPPER_EXTENSION = app;
			};
			name = Release;
		};
		4CBB25C219737BD4009839E6 /* Debug */ = {
			isa = XCBuildConfiguration;
			buildSettings = {
				BUNDLE_LOADER = "$(BUILT_PRODUCTS_DIR)/Scribbler.app/Scribbler";
				FRAMEWORK_SEARCH_PATHS = (
					"$(SDKROOT)/Developer/Library/Frameworks",
					"$(inherited)",
					"$(DEVELOPER_FRAMEWORKS_DIR)",
				);
				GCC_PRECOMPILE_PREFIX_HEADER = YES;
				GCC_PREFIX_HEADER = "Scribbler/Scribbler-Prefix.pch";
				GCC_PREPROCESSOR_DEFINITIONS = (
					"DEBUG=1",
					"$(inherited)",
				);
				INFOPLIST_FILE = "ScribblerTests/ScribblerTests-Info.plist";
				PRODUCT_NAME = "$(TARGET_NAME)";
				TEST_HOST = "$(BUNDLE_LOADER)";
				WRAPPER_EXTENSION = xctest;
			};
			name = Debug;
		};
		4CBB25C319737BD4009839E6 /* Release */ = {
			isa = XCBuildConfiguration;
			buildSettings = {
				BUNDLE_LOADER = "$(BUILT_PRODUCTS_DIR)/Scribbler.app/Scribbler";
				FRAMEWORK_SEARCH_PATHS = (
					"$(SDKROOT)/Developer/Library/Frameworks",
					"$(inherited)",
					"$(DEVELOPER_FRAMEWORKS_DIR)",
				);
				GCC_PRECOMPILE_PREFIX_HEADER = YES;
				GCC_PREFIX_HEADER = "Scribbler/Scribbler-Prefix.pch";
				INFOPLIST_FILE = "ScribblerTests/ScribblerTests-Info.plist";
				PRODUCT_NAME = "$(TARGET_NAME)";
				TEST_HOST = "$(BUNDLE_LOADER)";
				WRAPPER_EXTENSION = xctest;
			};
			name = Release;
		};
/* End XCBuildConfiguration section */

/* Begin XCConfigurationList section */
		4CBB258419737BD4009839E6 /* Build configuration list for PBXProject "Scribbler" */ = {
			isa = XCConfigurationList;
			buildConfigurations = (
				4CBB25BC19737BD4009839E6 /* Debug */,
				4CBB25BD19737BD4009839E6 /* Release */,
			);
			defaultConfigurationIsVisible = 0;
			defaultConfigurationName = Release;
		};
		4CBB25BE19737BD4009839E6 /* Build configuration list for PBXNativeTarget "Scribbler" */ = {
			isa = XCConfigurationList;
			buildConfigurations = (
				4CBB25BF19737BD4009839E6 /* Debug */,
				4CBB25C019737BD4009839E6 /* Release */,
			);
			defaultConfigurationIsVisible = 0;
		};
		4CBB25C119737BD4009839E6 /* Build configuration list for PBXNativeTarget "ScribblerTests" */ = {
			isa = XCConfigurationList;
			buildConfigurations = (
				4CBB25C219737BD4009839E6 /* Debug */,
				4CBB25C319737BD4009839E6 /* Release */,
			);
			defaultConfigurationIsVisible = 0;
		};
/* End XCConfigurationList section */
	};
	rootObject = 4CBB258119737BD4009839E6 /* Project object */;
}
